{
  "originHash" : "ddce5efd50ec2cd7e1818ee7f4d3b51d8679d4987dcc7d08fc58a546cbd45de8",
  "pins" : [
    {
      "identity" : "ifixfloat",
      "kind" : "remoteSourceControl",
      "location" : "https://github.com/iShape-Swift/iFixFloat",
      "state" : {
        "revision" : "c5c9a1fa50d8e6822a5ac8cd1385bc21196cb1bb",
        "version" : "1.9.0"
      }
    },
    {
      "identity" : "ioverlay",
      "kind" : "remoteSourceControl",
      "location" : "https://github.com/iShape-Swift/iOverlay",
      "state" : {
        "revision" : "6a505d514485f7c0d059492e0386d668123441af",
        "version" : "1.22.0"
      }
    },
    {
      "identity" : "ishape",
      "kind" : "remoteSourceControl",
      "location" : "https://github.com/iShape-Swift/iShape",
      "state" : {
        "revision" : "5093a243acb8bad08545a74165bd82aa84fda313",
        "version" : "1.13.0"
      }
    },
    {
      "identity" : "itree",
      "kind" : "remoteSourceControl",
      "location" : "https://github.com/iShape-Swift/iTree",
      "state" : {
        "revision" : "e0c99fc3fceb69d8d5b05766202d64af1e670bbf",
        "version" : "0.5.0"
      }
    }
  ],
  "version" : 3
}
